// !$*UTF8*$!
{
	archiveVersion = 1;
	classes = {
	};
	objectVersion = 56;
	objects = {

/* Begin PBXBuildFile section */
		CE428FB1288AB71600FFFC6C /* AppDelegate.swift in Sources */ = {isa = PBXBuildFile; fileRef = CE428FB0288AB71600FFFC6C /* AppDelegate.swift */; };
		CE428FB3288AB71600FFFC6C /* SceneDelegate.swift in Sources */ = {isa = PBXBuildFile; fileRef = CE428FB2288AB71600FFFC6C /* SceneDelegate.swift */; };
		CE428FB8288AB71600FFFC6C /* Main.storyboard in Resources */ = {isa = PBXBuildFile; fileRef = CE428FB6288AB71600FFFC6C /* Main.storyboard */; };
		CE428FBA288AB71900FFFC6C /* Assets.xcassets in Resources */ = {isa = PBXBuildFile; fileRef = CE428FB9288AB71900FFFC6C /* Assets.xcassets */; };
		CE428FBD288AB71900FFFC6C /* LaunchScreen.storyboard in Resources */ = {isa = PBXBuildFile; fileRef = CE428FBB288AB71900FFFC6C /* LaunchScreen.storyboard */; };
		CE428FC9288AB8AA00FFFC6C /* Question.swift in Sources */ = {isa = PBXBuildFile; fileRef = CE428FC8288AB8AA00FFFC6C /* Question.swift */; };
		CE428FCB288AB8D400FFFC6C /* QuizBrain.swift in Sources */ = {isa = PBXBuildFile; fileRef = CE428FCA288AB8D400FFFC6C /* QuizBrain.swift */; };
		CE428FCD288AB94000FFFC6C /* QuizViewController.swift in Sources */ = {isa = PBXBuildFile; fileRef = CE428FCC288AB94000FFFC6C /* QuizViewController.swift */; };
		CE428FCF288ACC4600FFFC6C /* ResultViewController.swift in Sources */ = {isa = PBXBuildFile; fileRef = CE428FCE288ACC4600FFFC6C /* ResultViewController.swift */; };
/* End PBXBuildFile section */

/* Begin PBXFileReference section */
		CE428FAD288AB71600FFFC6C /* FlagQuizApp.app */ = {isa = PBXFileReference; explicitFileType = wrapper.application; includeInIndex = 0; path = FlagQuizApp.app; sourceTree = BUILT_PRODUCTS_DIR; };
		CE428FB0288AB71600FFFC6C /* AppDelegate.swift */ = {isa = PBXFileReference; lastKnownFileType = sourcecode.swift; path = AppDelegate.swift; sourceTree = "<group>"; };
		CE428FB2288AB71600FFFC6C /* SceneDelegate.swift */ = {isa = PBXFileReference; lastKnownFileType = sourcecode.swift; path = SceneDelegate.swift; sourceTree = "<group>"; };
		CE428FB7288AB71600FFFC6C /* Base */ = {isa = PBXFileReference; lastKnownFileType = file.storyboard; name = Base; path = Base.lproj/Main.storyboard; sourceTree = "<group>"; };
		CE428FB9288AB71900FFFC6C /* Assets.xcassets */ = {isa = PBXFileReference; lastKnownFileType = folder.assetcatalog; path = Assets.xcassets; sourceTree = "<group>"; };
		CE428FBC288AB71900FFFC6C /* Base */ = {isa = PBXFileReference; lastKnownFileType = file.storyboard; name = Base; path = Base.lproj/LaunchScreen.storyboard; sourceTree = "<group>"; };
		CE428FBE288AB71900FFFC6C /* Info.plist */ = {isa = PBXFileReference; lastKnownFileType = text.plist.xml; path = Info.plist; sourceTree = "<group>"; };
		CE428FC8288AB8AA00FFFC6C /* Question.swift */ = {isa = PBXFileReference; lastKnownFileType = sourcecode.swift; path = Question.swift; sourceTree = "<group>"; };
		CE428FCA288AB8D400FFFC6C /* QuizBrain.swift */ = {isa = PBXFileReference; lastKnownFileType = sourcecode.swift; path = QuizBrain.swift; sourceTree = "<group>"; };
		CE428FCC288AB94000FFFC6C /* QuizViewController.swift */ = {isa = PBXFileReference; lastKnownFileType = sourcecode.swift; path = QuizViewController.swift; sourceTree = "<group>"; };
		CE428FCE288ACC4600FFFC6C /* ResultViewController.swift */ = {isa = PBXFileReference; lastKnownFileType = sourcecode.swift; path = ResultViewController.swift; sourceTree = "<group>"; };
/* End PBXFileReference section */

/* Begin PBXFrameworksBuildPhase section */
		CE428FAA288AB71600FFFC6C /* Frameworks */ = {
			isa = PBXFrameworksBuildPhase;
			buildActionMask = 2147483647;
			files = (
			);
			runOnlyForDeploymentPostprocessing = 0;
		};
/* End PBXFrameworksBuildPhase section */

/* Begin PBXGroup section */
		CE428FA4288AB71600FFFC6C = {
			isa = PBXGroup;
			children = (
				CE428FAF288AB71600FFFC6C /* FlagQuizApp */,
				CE428FAE288AB71600FFFC6C /* Products */,
			);
			sourceTree = "<group>";
		};
		CE428FAE288AB71600FFFC6C /* Products */ = {
			isa = PBXGroup;
			children = (
				CE428FAD288AB71600FFFC6C /* FlagQuizApp.app */,
			);
			name = Products;
			sourceTree = "<group>";
		};
		CE428FAF288AB71600FFFC6C /* FlagQuizApp */ = {
			isa = PBXGroup;
			children = (
				CE428FC7288AB77300FFFC6C /* System */,
				CE428FC4288AB75300FFFC6C /* Model */,
				CE428FC5288AB75D00FFFC6C /* View */,
				CE428FC6288AB76600FFFC6C /* Controller */,
				CE428FB9288AB71900FFFC6C /* Assets.xcassets */,
				CE428FBE288AB71900FFFC6C /* Info.plist */,
			);
			path = FlagQuizApp;
			sourceTree = "<group>";
		};
		CE428FC4288AB75300FFFC6C /* Model */ = {
			isa = PBXGroup;
			children = (
				CE428FC8288AB8AA00FFFC6C /* Question.swift */,
				CE428FCA288AB8D400FFFC6C /* QuizBrain.swift */,
			);
			path = Model;
			sourceTree = "<group>";
		};
		CE428FC5288AB75D00FFFC6C /* View */ = {
			isa = PBXGroup;
			children = (
				CE428FB6288AB71600FFFC6C /* Main.storyboard */,
				CE428FBB288AB71900FFFC6C /* LaunchScreen.storyboard */,
			);
			path = View;
			sourceTree = "<group>";
		};
		CE428FC6288AB76600FFFC6C /* Controller */ = {
			isa = PBXGroup;
			children = (
				CE428FCC288AB94000FFFC6C /* QuizViewController.swift */,
				CE428FCE288ACC4600FFFC6C /* ResultViewController.swift */,
			);
			path = Controller;
			sourceTree = "<group>";
		};
		CE428FC7288AB77300FFFC6C /* System */ = {
			isa = PBXGroup;
			children = (
				CE428FB0288AB71600FFFC6C /* AppDelegate.swift */,
				CE428FB2288AB71600FFFC6C /* SceneDelegate.swift */,
			);
			path = System;
			sourceTree = "<group>";
		};
/* End PBXGroup section */

/* Begin PBXNativeTarget section */
		CE428FAC288AB71600FFFC6C /* FlagQuizApp */ = {
			isa = PBXNativeTarget;
			buildConfigurationList = CE428FC1288AB71900FFFC6C /* Build configuration list for PBXNativeTarget "FlagQuizApp" */;
			buildPhases = (
				CE428FA9288AB71600FFFC6C /* Sources */,
				CE428FAA288AB71600FFFC6C /* Frameworks */,
				CE428FAB288AB71600FFFC6C /* Resources */,
			);
			buildRules = (
			);
			dependencies = (
			);
			name = FlagQuizApp;
			productName = FlagQuizApp;
			productReference = CE428FAD288AB71600FFFC6C /* FlagQuizApp.app */;
			productType = "com.apple.product-type.application";
		};
/* End PBXNativeTarget section */

/* Begin PBXProject section */
		CE428FA5288AB71600FFFC6C /* Project object */ = {
			isa = PBXProject;
			attributes = {
				BuildIndependentTargetsInParallel = 1;
				LastSwiftUpdateCheck = 1400;
				LastUpgradeCheck = 1400;
				TargetAttributes = {
					CE428FAC288AB71600FFFC6C = {
						CreatedOnToolsVersion = 14.0;
					};
				};
			};
			buildConfigurationList = CE428FA8288AB71600FFFC6C /* Build configuration list for PBXProject "FlagQuizApp" */;
			compatibilityVersion = "Xcode 14.0";
			developmentRegion = en;
			hasScannedForEncodings = 0;
			knownRegions = (
				en,
				Base,
			);
			mainGroup = CE428FA4288AB71600FFFC6C;
			productRefGroup = CE428FAE288AB71600FFFC6C /* Products */;
			projectDirPath = "";
			projectRoot = "";
			targets = (
				CE428FAC288AB71600FFFC6C /* FlagQuizApp */,
			);
		};
/* End PBXProject section */

/* Begin PBXResourcesBuildPhase section */
		CE428FAB288AB71600FFFC6C /* Resources */ = {
			isa = PBXResourcesBuildPhase;
			buildActionMask = 2147483647;
			files = (
				CE428FBD288AB71900FFFC6C /* LaunchScreen.storyboard in Resources */,
				CE428FBA288AB71900FFFC6C /* Assets.xcassets in Resources */,
				CE428FB8288AB71600FFFC6C /* Main.storyboard in Resources */,
			);
			runOnlyForDeploymentPostprocessing = 0;
		};
/* End PBXResourcesBuildPhase section */

/* Begin PBXSourcesBuildPhase section */
		CE428FA9288AB71600FFFC6C /* Sources */ = {
			isa = PBXSourcesBuildPhase;
			buildActionMask = 2147483647;
			files = (
				CE428FCB288AB8D400FFFC6C /* QuizBrain.swift in Sources */,
				CE428FCD288AB94000FFFC6C /* QuizViewController.swift in Sources */,
				CE428FC9288AB8AA00FFFC6C /* Question.swift in Sources */,
				CE428FB1288AB71600FFFC6C /* AppDelegate.swift in Sources */,
				CE428FB3288AB71600FFFC6C /* SceneDelegate.swift in Sources */,
				CE428FCF288ACC4600FFFC6C /* ResultViewController.swift in Sources */,
			);
			runOnlyForDeploymentPostprocessing = 0;
		};
/* End PBXSourcesBuildPhase section */

/* Begin PBXVariantGroup section */
		CE428FB6288AB71600FFFC6C /* Main.storyboard */ = {
			isa = PBXVariantGroup;
			children = (
				CE428FB7288AB71600FFFC6C /* Base */,
			);
			name = Main.storyboard;
			sourceTree = "<group>";
		};
		CE428FBB288AB71900FFFC6C /* LaunchScreen.storyboard */ = {
			isa = PBXVariantGroup;
			children = (
				CE428FBC288AB71900FFFC6C /* Base */,
			);
			name = LaunchScreen.storyboard;
			sourceTree = "<group>";
		};
/* End PBXVariantGroup section */

/* Begin XCBuildConfiguration section */
		CE428FBF288AB71900FFFC6C /* Debug */ = {
			isa = XCBuildConfiguration;
			buildSettings = {
				ALWAYS_SEARCH_USER_PATHS = NO;
				CLANG_ANALYZER_NONNULL = YES;
				CLANG_ANALYZER_NUMBER_OBJECT_CONVERSION = YES_AGGRESSIVE;
				CLANG_CXX_LANGUAGE_STANDARD = "gnu++17";
				CLANG_ENABLE_MODULES = YES;
				CLANG_ENABLE_OBJC_ARC = YES;
				CLANG_ENABLE_OBJC_WEAK = YES;
				CLANG_WARN_BLOCK_CAPTURE_AUTORELEASING = YES;
				CLANG_WARN_BOOL_CONVERSION = YES;
				CLANG_WARN_COMMA = YES;
				CLANG_WARN_CONSTANT_CONVERSION = YES;
				CLANG_WARN_DEPRECATED_OBJC_IMPLEMENTATIONS = YES;
				CLANG_WARN_DIRECT_OBJC_ISA_USAGE = YES_ERROR;
				CLANG_WARN_DOCUMENTATION_COMMENTS = YES;
				CLANG_WARN_EMPTY_BODY = YES;
				CLANG_WARN_ENUM_CONVERSION = YES;
				CLANG_WARN_INFINITE_RECURSION = YES;
				CLANG_WARN_INT_CONVERSION = YES;
				CLANG_WARN_NON_LITERAL_NULL_CONVERSION = YES;
				CLANG_WARN_OBJC_IMPLICIT_RETAIN_SELF = YES;
				CLANG_WARN_OBJC_LITERAL_CONVERSION = YES;
				CLANG_WARN_OBJC_ROOT_CLASS = YES_ERROR;
				CLANG_WARN_QUOTED_INCLUDE_IN_FRAMEWORK_HEADER = YES;
				CLANG_WARN_RANGE_LOOP_ANALYSIS = YES;
				CLANG_WARN_STRICT_PROTOTYPES = YES;
				CLANG_WARN_SUSPICIOUS_MOVE = YES;
				CLANG_WARN_UNGUARDED_AVAILABILITY = YES_AGGRESSIVE;
				CLANG_WARN_UNREACHABLE_CODE = YES;
				CLANG_WARN__DUPLICATE_METHOD_MATCH = YES;
				COPY_PHASE_STRIP = NO;
				DEBUG_INFORMATION_FORMAT = dwarf;
				ENABLE_STRICT_OBJC_MSGSEND = YES;
				ENABLE_TESTABILITY = YES;
				GCC_C_LANGUAGE_STANDARD = gnu11;
				GCC_DYNAMIC_NO_PIC = NO;
				GCC_NO_COMMON_BLOCKS = YES;
				GCC_OPTIMIZATION_LEVEL = 0;
				GCC_PREPROCESSOR_DEFINITIONS = (
					"DEBUG=1",
					"$(inherited)",
				);
				GCC_WARN_64_TO_32_BIT_CONVERSION = YES;
				GCC_WARN_ABOUT_RETURN_TYPE = YES_ERROR;
				GCC_WARN_UNDECLARED_SELECTOR = YES;
				GCC_WARN_UNINITIALIZED_AUTOS = YES_AGGRESSIVE;
				GCC_WARN_UNUSED_FUNCTION = YES;
				GCC_WARN_UNUSED_VARIABLE = YES;
				IPHONEOS_DEPLOYMENT_TARGET = 16.0;
				MTL_ENABLE_DEBUG_INFO = INCLUDE_SOURCE;
				MTL_FAST_MATH = YES;
				ONLY_ACTIVE_ARCH = YES;
				SDKROOT = iphoneos;
				SWIFT_ACTIVE_COMPILATION_CONDITIONS = DEBUG;
				SWIFT_OPTIMIZATION_LEVEL = "-Onone";
			};
			name = Debug;
		};
		CE428FC0288AB71900FFFC6C /* Release */ = {
			isa = XCBuildConfiguration;
			buildSettings = {
				ALWAYS_SEARCH_USER_PATHS = NO;
				CLANG_ANALYZER_NONNULL = YES;
				CLANG_ANALYZER_NUMBER_OBJECT_CONVERSION = YES_AGGRESSIVE;
				CLANG_CXX_LANGUAGE_STANDARD = "gnu++17";
				CLANG_ENABLE_MODULES = YES;
				CLANG_ENABLE_OBJC_ARC = YES;
				CLANG_ENABLE_OBJC_WEAK = YES;
				CLANG_WARN_BLOCK_CAPTURE_AUTORELEASING = YES;
				CLANG_WARN_BOOL_CONVERSION = YES;
				CLANG_WARN_COMMA = YES;
				CLANG_WARN_CONSTANT_CONVERSION = YES;
				CLANG_WARN_DEPRECATED_OBJC_IMPLEMENTATIONS = YES;
				CLANG_WARN_DIRECT_OBJC_ISA_USAGE = YES_ERROR;
				CLANG_WARN_DOCUMENTATION_COMMENTS = YES;
				CLANG_WARN_EMPTY_BODY = YES;
				CLANG_WARN_ENUM_CONVERSION = YES;
				CLANG_WARN_INFINITE_RECURSION = YES;
				CLANG_WARN_INT_CONVERSION = YES;
				CLANG_WARN_NON_LITERAL_NULL_CONVERSION = YES;
				CLANG_WARN_OBJC_IMPLICIT_RETAIN_SELF = YES;
				CLANG_WARN_OBJC_LITERAL_CONVERSION = YES;
				CLANG_WARN_OBJC_ROOT_CLASS = YES_ERROR;
				CLANG_WARN_QUOTED_INCLUDE_IN_FRAMEWORK_HEADER = YES;
				CLANG_WARN_RANGE_LOOP_ANALYSIS = YES;
				CLANG_WARN_STRICT_PROTOTYPES = YES;
				CLANG_WARN_SUSPICIOUS_MOVE = YES;
				CLANG_WARN_UNGUARDED_AVAILABILITY = YES_AGGRESSIVE;
				CLANG_WARN_UNREACHABLE_CODE = YES;
				CLANG_WARN__DUPLICATE_METHOD_MATCH = YES;
				COPY_PHASE_STRIP = NO;
				DEBUG_INFORMATION_FORMAT = "dwarf-with-dsym";
				ENABLE_NS_ASSERTIONS = NO;
				ENABLE_STRICT_OBJC_MSGSEND = YES;
				GCC_C_LANGUAGE_STANDARD = gnu11;
				GCC_NO_COMMON_BLOCKS = YES;
				GCC_WARN_64_TO_32_BIT_CONVERSION = YES;
				GCC_WARN_ABOUT_RETURN_TYPE = YES_ERROR;
				GCC_WARN_UNDECLARED_SELECTOR = YES;
				GCC_WARN_UNINITIALIZED_AUTOS = YES_AGGRESSIVE;
				GCC_WARN_UNUSED_FUNCTION = YES;
				GCC_WARN_UNUSED_VARIABLE = YES;
				IPHONEOS_DEPLOYMENT_TARGET = 16.0;
				MTL_ENABLE_DEBUG_INFO = NO;
				MTL_FAST_MATH = YES;
				SDKROOT = iphoneos;
				SWIFT_COMPILATION_MODE = wholemodule;
				SWIFT_OPTIMIZATION_LEVEL = "-O";
				VALIDATE_PRODUCT = YES;
			};
			name = Release;
		};
		CE428FC2288AB71900FFFC6C /* Debug */ = {
			isa = XCBuildConfiguration;
			buildSettings = {
				ASSETCATALOG_COMPILER_APPICON_NAME = AppIcon;
				ASSETCATALOG_COMPILER_GLOBAL_ACCENT_COLOR_NAME = AccentColor;
				CODE_SIGN_STYLE = Automatic;
				CURRENT_PROJECT_VERSION = 1;
				DEVELOPMENT_TEAM = 88MNYF3498;
				GENERATE_INFOPLIST_FILE = YES;
				INFOPLIST_FILE = FlagQuizApp/Info.plist;
				INFOPLIST_KEY_UIApplicationSupportsIndirectInputEvents = YES;
				INFOPLIST_KEY_UILaunchStoryboardName = LaunchScreen;
				INFOPLIST_KEY_UIMainStoryboardFile = Main;
				INFOPLIST_KEY_UISupportedInterfaceOrientations_iPad = "UIInterfaceOrientationPortrait UIInterfaceOrientationPortraitUpsideDown UIInterfaceOrientationLandscapeLeft UIInterfaceOrientationLandscapeRight";
				INFOPLIST_KEY_UISupportedInterfaceOrientations_iPhone = "UIInterfaceOrientationPortrait UIInterfaceOrientationLandscapeLeft UIInterfaceOrientationLandscapeRight";
				LD_RUNPATH_SEARCH_PATHS = (
					"$(inherited)",
					"@executable_path/Frameworks",
				);
				MARKETING_VERSION = 1.0;
				PRODUCT_BUNDLE_IDENTIFIER = kashem.com.FlagQuizApp;
				PRODUCT_NAME = "$(TARGET_NAME)";
				SWIFT_EMIT_LOC_STRINGS = YES;
				SWIFT_VERSION = 5.0;
				TARGETED_DEVICE_FAMILY = "1,2";
			};
			name = Debug;
		};
		CE428FC3288AB71900FFFC6C /* Release */ = {
			isa = XCBuildConfiguration;
			buildSettings = {
				ASSETCATALOG_COMPILER_APPICON_NAME = AppIcon;
				ASSETCATALOG_COMPILER_GLOBAL_ACCENT_COLOR_NAME = AccentColor;
				CODE_SIGN_STYLE = Automatic;
				CURRENT_PROJECT_VERSION = 1;
				DEVELOPMENT_TEAM = 88MNYF3498;
				GENERATE_INFOPLIST_FILE = YES;
				INFOPLIST_FILE = FlagQuizApp/Info.plist;
				INFOPLIST_KEY_UIApplicationSupportsIndirectInputEvents = YES;
				INFOPLIST_KEY_UILaunchStoryboardName = LaunchScreen;
				INFOPLIST_KEY_UIMainStoryboardFile = Main;
				INFOPLIST_KEY_UISupportedInterfaceOrientations_iPad = "UIInterfaceOrientationPortrait UIInterfaceOrientationPortraitUpsideDown UIInterfaceOrientationLandscapeLeft UIInterfaceOrientationLandscapeRight";
				INFOPLIST_KEY_UISupportedInterfaceOrientations_iPhone = "UIInterfaceOrientationPortrait UIInterfaceOrientationLandscapeLeft UIInterfaceOrientationLandscapeRight";
				LD_RUNPATH_SEARCH_PATHS = (
					"$(inherited)",
					"@executable_path/Frameworks",
				);
				MARKETING_VERSION = 1.0;
				PRODUCT_BUNDLE_IDENTIFIER = kashem.com.FlagQuizApp;
				PRODUCT_NAME = "$(TARGET_NAME)";
				SWIFT_EMIT_LOC_STRINGS = YES;
				SWIFT_VERSION = 5.0;
				TARGETED_DEVICE_FAMILY = "1,2";
			};
			name = Release;
		};
/* End XCBuildConfiguration section */

/* Begin XCConfigurationList section */
		CE428FA8288AB71600FFFC6C /* Build configuration list for PBXProject "FlagQuizApp" */ = {
			isa = XCConfigurationList;
			buildConfigurations = (
				CE428FBF288AB71900FFFC6C /* Debug */,
				CE428FC0288AB71900FFFC6C /* Release */,
			);
			defaultConfigurationIsVisible = 0;
			defaultConfigurationName = Release;
		};
		CE428FC1288AB71900FFFC6C /* Build configuration list for PBXNativeTarget "FlagQuizApp" */ = {
			isa = XCConfigurationList;
			buildConfigurations = (
				CE428FC2288AB71900FFFC6C /* Debug */,
				CE428FC3288AB71900FFFC6C /* Release */,
			);
			defaultConfigurationIsVisible = 0;
			defaultConfigurationName = Release;
		};
/* End XCConfigurationList section */
	};
	rootObject = CE428FA5288AB71600FFFC6C /* Project object */;
}
